PODS:
  - Flutter (1.0.0)
  - flutter_pos_printer_platform (0.0.1):
    - Flutter
  - network_info_plus (0.0.1):
    - Flutter

DEPENDENCIES:
  - Flutter (from `Flutter`)
  - flutter_pos_printer_platform (from `.symlinks/plugins/flutter_pos_printer_platform/ios`)
  - network_info_plus (from `.symlinks/plugins/network_info_plus/ios`)

EXTERNAL SOURCES:
  Flutter:
    :path: Flutter
  flutter_pos_printer_platform:
    :path: ".symlinks/plugins/flutter_pos_printer_platform/ios"
  network_info_plus:
    :path: ".symlinks/plugins/network_info_plus/ios"

SPEC CHECKSUMS:
  Flutter: e0871f40cf51350855a761d2e70bf5af5b9b5de7
  flutter_pos_printer_platform: a4e9005c61448f702ab29af264126a57cfeee67d
  network_info_plus: b78876159360f5580608c2cea620d6ceffabd0ad

PODFILE CHECKSUM: c4c93c5f6502fe2754f48404d3594bf779584011

COCOAPODS: 1.15.2
